
Microsoft Visual Studio Solution File, Format Version 12.00
# Visual Studio Version 17
VisualStudioVersion = 17.13.35828.75 d17.13
MinimumVisualStudioVersion = 10.0.40219.1
Project("{FAE04EC0-301F-11D3-BF4B-00C04F79EFBC}") = "AdminService", "AdminService.csproj", "{333924F8-9C0D-4D91-BA89-A534127B7FF5}"
EndProject
Global
	GlobalSection(SolutionConfigurationPlatforms) = preSolution
		Debug|Any CPU = Debug|Any CPU
		Release|Any CPU = Release|Any CPU
	EndGlobalSection
	GlobalSection(ProjectConfigurationPlatforms) = postSolution
		{333924F8-9C0D-4D91-BA89-A534127B7FF5}.Debug|Any CPU.ActiveCfg = Debug|Any CPU
		{333924F8-9C0D-4D91-BA89-A534127B7FF5}.Debug|Any CPU.Build.0 = Debug|Any CPU
		{333924F8-9C0D-4D91-BA89-A534127B7FF5}.Release|Any CPU.ActiveCfg = Release|Any CPU
		{333924F8-9C0D-4D91-BA89-A534127B7FF5}.Release|Any CPU.Build.0 = Release|Any CPU
	EndGlobalSection
	GlobalSection(SolutionProperties) = preSolution
		HideSolutionNode = FALSE
	EndGlobalSection
	GlobalSection(ExtensibilityGlobals) = postSolution
		SolutionGuid = {39384E74-4CBA-47DE-864B-999143CEC2DA}
	EndGlobalSection
EndGlobal
